
Microsoft Visual Studio Solution File, Format Version 12.00
# Visual Studio 2012
Project("{FAE04EC0-301F-11D3-BF4B-00C04F79EFBC}") = "EFHistory", "src\EFHistory\EFHistory.csproj", "{33BB03FA-21BF-4A89-8377-F1B6CB2234E9}"
EndProject
Project("{FAE04EC0-301F-11D3-BF4B-00C04F79EFBC}") = "EFHistoryTest", "src\EFHistoryTest\EFHistoryTest.csproj", "{A8A9C733-0010-44F6-B68A-43EB7A3FE75E}"
EndProject
Global
	GlobalSection(SolutionConfigurationPlatforms) = preSolution
		Debug|Any CPU = Debug|Any CPU
		Release|Any CPU = Release|Any CPU
	EndGlobalSection
	GlobalSection(ProjectConfigurationPlatforms) = postSolution
		{33BB03FA-21BF-4A89-8377-F1B6CB2234E9}.Debug|Any CPU.ActiveCfg = Debug|Any CPU
		{33BB03FA-21BF-4A89-8377-F1B6CB2234E9}.Debug|Any CPU.Build.0 = Debug|Any CPU
		{33BB03FA-21BF-4A89-8377-F1B6CB2234E9}.Release|Any CPU.ActiveCfg = Release|Any CPU
		{33BB03FA-21BF-4A89-8377-F1B6CB2234E9}.Release|Any CPU.Build.0 = Release|Any CPU
		{A8A9C733-0010-44F6-B68A-43EB7A3FE75E}.Debug|Any CPU.ActiveCfg = Debug|Any CPU
		{A8A9C733-0010-44F6-B68A-43EB7A3FE75E}.Debug|Any CPU.Build.0 = Debug|Any CPU
		{A8A9C733-0010-44F6-B68A-43EB7A3FE75E}.Release|Any CPU.ActiveCfg = Release|Any CPU
		{A8A9C733-0010-44F6-B68A-43EB7A3FE75E}.Release|Any CPU.Build.0 = Release|Any CPU
	EndGlobalSection
	GlobalSection(SolutionProperties) = preSolution
		HideSolutionNode = FALSE
	EndGlobalSection
EndGlobal
